
Microsoft Visual Studio Solution File, Format Version 12.00
# Visual Studio Version 17
VisualStudioVersion = 17.2.32616.157
MinimumVisualStudioVersion = 10.0.40219.1
Project("{FAE04EC0-301F-11D3-BF4B-00C04F79EFBC}") = "Calculadora", "Calculadora\Calculadora.csproj", "{35C6A95D-E3FC-4A9C-A6FE-1E46707A35C1}"
EndProject
Project("{FAE04EC0-301F-11D3-BF4B-00C04F79EFBC}") = "ContadorVogais", "ContadorVogais\ContadorVogais.csproj", "{8727B5A9-358C-4749-9E3D-07EE1D9033B0}"
EndProject
Project("{FAE04EC0-301F-11D3-BF4B-00C04F79EFBC}") = "MostradorVogais", "MostradorVogais\MostradorVogais.csproj", "{932DA5A1-88FD-4A81-9712-1CBAB569596D}"
EndProject
Project("{FAE04EC0-301F-11D3-BF4B-00C04F79EFBC}") = "MostradorConsoantes", "MostradorConsoantes\MostradorConsoantes.csproj", "{BF8E899A-8768-4542-915A-2387347B5702}"
EndProject
Global
	GlobalSection(SolutionConfigurationPlatforms) = preSolution
		Debug|Any CPU = Debug|Any CPU
		Release|Any CPU = Release|Any CPU
	EndGlobalSection
	GlobalSection(ProjectConfigurationPlatforms) = postSolution
		{35C6A95D-E3FC-4A9C-A6FE-1E46707A35C1}.Debug|Any CPU.ActiveCfg = Debug|Any CPU
		{35C6A95D-E3FC-4A9C-A6FE-1E46707A35C1}.Debug|Any CPU.Build.0 = Debug|Any CPU
		{35C6A95D-E3FC-4A9C-A6FE-1E46707A35C1}.Release|Any CPU.ActiveCfg = Release|Any CPU
		{35C6A95D-E3FC-4A9C-A6FE-1E46707A35C1}.Release|Any CPU.Build.0 = Release|Any CPU
		{8727B5A9-358C-4749-9E3D-07EE1D9033B0}.Debug|Any CPU.ActiveCfg = Debug|Any CPU
		{8727B5A9-358C-4749-9E3D-07EE1D9033B0}.Debug|Any CPU.Build.0 = Debug|Any CPU
		{8727B5A9-358C-4749-9E3D-07EE1D9033B0}.Release|Any CPU.ActiveCfg = Release|Any CPU
		{8727B5A9-358C-4749-9E3D-07EE1D9033B0}.Release|Any CPU.Build.0 = Release|Any CPU
		{932DA5A1-88FD-4A81-9712-1CBAB569596D}.Debug|Any CPU.ActiveCfg = Debug|Any CPU
		{932DA5A1-88FD-4A81-9712-1CBAB569596D}.Debug|Any CPU.Build.0 = Debug|Any CPU
		{932DA5A1-88FD-4A81-9712-1CBAB569596D}.Release|Any CPU.ActiveCfg = Release|Any CPU
		{932DA5A1-88FD-4A81-9712-1CBAB569596D}.Release|Any CPU.Build.0 = Release|Any CPU
		{BF8E899A-8768-4542-915A-2387347B5702}.Debug|Any CPU.ActiveCfg = Debug|Any CPU
		{BF8E899A-8768-4542-915A-2387347B5702}.Debug|Any CPU.Build.0 = Debug|Any CPU
		{BF8E899A-8768-4542-915A-2387347B5702}.Release|Any CPU.ActiveCfg = Release|Any CPU
		{BF8E899A-8768-4542-915A-2387347B5702}.Release|Any CPU.Build.0 = Release|Any CPU
	EndGlobalSection
	GlobalSection(SolutionProperties) = preSolution
		HideSolutionNode = FALSE
	EndGlobalSection
	GlobalSection(ExtensibilityGlobals) = postSolution
		SolutionGuid = {AEA78753-15E2-45B8-ACCE-AE157BC6BF79}
	EndGlobalSection
EndGlobal
